version: 6
environments:
  default:
    channels:
    - url: https://repo.prefix.dev/conda-forge/
    - url: https://conda.modular.com/max-nightly/
    packages:
      linux-64:
      - conda: https://conda.modular.com/max-nightly/linux-64/mojo-25.5.0.dev2025072605-release.conda
      osx-arm64:
      - conda: https://conda.modular.com/max-nightly/osx-arm64/mojo-25.5.0.dev2025072605-release.conda
packages:
- conda: https://conda.modular.com/max-nightly/linux-64/mojo-25.5.0.dev2025072605-release.conda
  sha256: 7cf8db1be525b7631a5e5daf7da2d1f9e43073a3de162bba00db630eb892c02c
  license: LicenseRef-Modular-Proprietary
  size: 78220747
  timestamp: 1753507140481
- conda: https://conda.modular.com/max-nightly/osx-arm64/mojo-25.5.0.dev2025072605-release.conda
  sha256: 098046b712af22620b6ece9d3ccfe6f19c26d3db508cef2a3f9c21b3bf515e8a
  license: LicenseRef-Modular-Proprietary
  size: 58999307
  timestamp: 1753508876285
